
Microsoft Visual Studio Solution File, Format Version 12.00
# Visual Studio 15
VisualStudioVersion = 15.0.28307.1022
MinimumVisualStudioVersion = 10.0.40219.1
Project("{FAE04EC0-301F-11D3-BF4B-00C04F79EFBC}") = "DAN_XLI_Dejan_Prodanovic", "DAN_XLI_Dejan_Prodanovic\DAN_XLI_Dejan_Prodanovic.csproj", "{3536CE36-6055-4588-B9E2-868A8526EFB4}"
EndProject
Global
	GlobalSection(SolutionConfigurationPlatforms) = preSolution
		Debug|Any CPU = Debug|Any CPU
		Release|Any CPU = Release|Any CPU
	EndGlobalSection
	GlobalSection(ProjectConfigurationPlatforms) = postSolution
		{3536CE36-6055-4588-B9E2-868A8526EFB4}.Debug|Any CPU.ActiveCfg = Debug|Any CPU
		{3536CE36-6055-4588-B9E2-868A8526EFB4}.Debug|Any CPU.Build.0 = Debug|Any CPU
		{3536CE36-6055-4588-B9E2-868A8526EFB4}.Release|Any CPU.ActiveCfg = Release|Any CPU
		{3536CE36-6055-4588-B9E2-868A8526EFB4}.Release|Any CPU.Build.0 = Release|Any CPU
	EndGlobalSection
	GlobalSection(SolutionProperties) = preSolution
		HideSolutionNode = FALSE
	EndGlobalSection
	GlobalSection(ExtensibilityGlobals) = postSolution
		SolutionGuid = {1F8C0389-7512-4BD5-9D05-D1573F3EBDBC}
	EndGlobalSection
EndGlobal
